
Microsoft Visual Studio Solution File, Format Version 12.00
# Visual Studio Version 17
VisualStudioVersion = 17.2.32929.388
MinimumVisualStudioVersion = 10.0.40219.1
Project("{FAE04EC0-301F-11D3-BF4B-00C04F79EFBC}") = "SAMS.WebUI", "SAMS.WebUI.csproj", "{B40BAD2F-3CB8-4AD3-8D5C-74E1C063BC20}"
EndProject
Project("{FAE04EC0-301F-11D3-BF4B-00C04F79EFBC}") = "SAMS.WebUI.Tests", "..\SAMS.WebUI.Tests\SAMS.WebUI.Tests.csproj", "{00EAF520-2D89-403F-A532-CB28038F1C14}"
EndProject
Project("{FAE04EC0-301F-11D3-BF4B-00C04F79EFBC}") = "SAMS.WebApi", "..\SAMS.WebApi\SAMS.WebApi.csproj", "{17D7CE33-347B-40A1-AC58-AA0605910968}"
EndProject
Project("{FAE04EC0-301F-11D3-BF4B-00C04F79EFBC}") = "SAMS.WebApi.Tests", "SAMS.WebApi.Tests\SAMS.WebApi.Tests.csproj", "{A23705D6-3AE5-42B1-AEC0-D2CBB9B7FD0A}"
EndProject
Project("{FAE04EC0-301F-11D3-BF4B-00C04F79EFBC}") = "SAMS.Domain", "..\SAMS.Domain\SAMS.Domain.csproj", "{B7D75304-4748-49C6-A173-3EBCB1E61041}"
EndProject
Project("{FAE04EC0-301F-11D3-BF4B-00C04F79EFBC}") = "SAMS.Core", "..\SAMS.Core\SAMS.Core.csproj", "{D4BEA5A9-1983-4F09-A908-EB403C7D9A28}"
EndProject
Project("{FAE04EC0-301F-11D3-BF4B-00C04F79EFBC}") = "SAMS.Repository", "..\SAMS.Repository\SAMS.Repository.csproj", "{10883201-6465-4BB2-8D9F-1A056CE77A2A}"
EndProject
Project("{FAE04EC0-301F-11D3-BF4B-00C04F79EFBC}") = "SAMS.Toolkit", "..\SAMS.Toolkit\SAMS.Toolkit.csproj", "{4F80CC46-A669-4136-8DCF-EAA1A5EE47C1}"
EndProject
Project("{FAE04EC0-301F-11D3-BF4B-00C04F79EFBC}") = "SAMS.MetroRunWA", "..\SAMS.MetroRunWA\SAMS.MetroRunWA.csproj", "{F9A5777E-DB42-4253-87C2-ED4939FB1FB8}"
EndProject
Project("{FAE04EC0-301F-11D3-BF4B-00C04F79EFBC}") = "MetroRun.Data", "..\MetroRun.Data\MetroRun.Data.csproj", "{6725A5F6-6B13-47A3-AAFC-C47EAEE8D98E}"
EndProject
Project("{FAE04EC0-301F-11D3-BF4B-00C04F79EFBC}") = "MetroRun.WebUI", "..\MetroRun.WebUI\MetroRun.WebUI.csproj", "{2993A925-713C-44D8-A3AC-7CD851F2A6FD}"
EndProject
Project("{9A19103F-16F7-4668-BE54-9A1E7A4F7556}") = "MetroRun.RCL", "..\MetroRun.RCL\MetroRun.RCL.csproj", "{41F36BC3-7F13-4B27-8F44-B21337E61297}"
EndProject
Project("{FAE04EC0-301F-11D3-BF4B-00C04F79EFBC}") = "SAMS.SQLDependancy", "..\SAMS.SQLDependancy\SAMS.SQLDependancy.csproj", "{09D5043A-D139-488F-9443-FE1C542758CD}"
EndProject
Global
	GlobalSection(SolutionConfigurationPlatforms) = preSolution
		Debug|Any CPU = Debug|Any CPU
		Release|Any CPU = Release|Any CPU
	EndGlobalSection
	GlobalSection(ProjectConfigurationPlatforms) = postSolution
		{B40BAD2F-3CB8-4AD3-8D5C-74E1C063BC20}.Debug|Any CPU.ActiveCfg = Debug|Any CPU
		{B40BAD2F-3CB8-4AD3-8D5C-74E1C063BC20}.Debug|Any CPU.Build.0 = Debug|Any CPU
		{B40BAD2F-3CB8-4AD3-8D5C-74E1C063BC20}.Release|Any CPU.ActiveCfg = Release|Any CPU
		{B40BAD2F-3CB8-4AD3-8D5C-74E1C063BC20}.Release|Any CPU.Build.0 = Release|Any CPU
		{00EAF520-2D89-403F-A532-CB28038F1C14}.Debug|Any CPU.ActiveCfg = Debug|Any CPU
		{00EAF520-2D89-403F-A532-CB28038F1C14}.Debug|Any CPU.Build.0 = Debug|Any CPU
		{00EAF520-2D89-403F-A532-CB28038F1C14}.Release|Any CPU.ActiveCfg = Release|Any CPU
		{00EAF520-2D89-403F-A532-CB28038F1C14}.Release|Any CPU.Build.0 = Release|Any CPU
		{17D7CE33-347B-40A1-AC58-AA0605910968}.Debug|Any CPU.ActiveCfg = Debug|Any CPU
		{17D7CE33-347B-40A1-AC58-AA0605910968}.Debug|Any CPU.Build.0 = Debug|Any CPU
		{17D7CE33-347B-40A1-AC58-AA0605910968}.Release|Any CPU.ActiveCfg = Release|Any CPU
		{17D7CE33-347B-40A1-AC58-AA0605910968}.Release|Any CPU.Build.0 = Release|Any CPU
		{A23705D6-3AE5-42B1-AEC0-D2CBB9B7FD0A}.Debug|Any CPU.ActiveCfg = Debug|Any CPU
		{A23705D6-3AE5-42B1-AEC0-D2CBB9B7FD0A}.Debug|Any CPU.Build.0 = Debug|Any CPU
		{A23705D6-3AE5-42B1-AEC0-D2CBB9B7FD0A}.Release|Any CPU.ActiveCfg = Release|Any CPU
		{A23705D6-3AE5-42B1-AEC0-D2CBB9B7FD0A}.Release|Any CPU.Build.0 = Release|Any CPU
		{B7D75304-4748-49C6-A173-3EBCB1E61041}.Debug|Any CPU.ActiveCfg = Debug|Any CPU
		{B7D75304-4748-49C6-A173-3EBCB1E61041}.Debug|Any CPU.Build.0 = Debug|Any CPU
		{B7D75304-4748-49C6-A173-3EBCB1E61041}.Release|Any CPU.ActiveCfg = Release|Any CPU
		{B7D75304-4748-49C6-A173-3EBCB1E61041}.Release|Any CPU.Build.0 = Release|Any CPU
		{D4BEA5A9-1983-4F09-A908-EB403C7D9A28}.Debug|Any CPU.ActiveCfg = Debug|Any CPU
		{D4BEA5A9-1983-4F09-A908-EB403C7D9A28}.Debug|Any CPU.Build.0 = Debug|Any CPU
		{D4BEA5A9-1983-4F09-A908-EB403C7D9A28}.Release|Any CPU.ActiveCfg = Release|Any CPU
		{D4BEA5A9-1983-4F09-A908-EB403C7D9A28}.Release|Any CPU.Build.0 = Release|Any CPU
		{10883201-6465-4BB2-8D9F-1A056CE77A2A}.Debug|Any CPU.ActiveCfg = Debug|Any CPU
		{10883201-6465-4BB2-8D9F-1A056CE77A2A}.Debug|Any CPU.Build.0 = Debug|Any CPU
		{10883201-6465-4BB2-8D9F-1A056CE77A2A}.Release|Any CPU.ActiveCfg = Release|Any CPU
		{10883201-6465-4BB2-8D9F-1A056CE77A2A}.Release|Any CPU.Build.0 = Release|Any CPU
		{4F80CC46-A669-4136-8DCF-EAA1A5EE47C1}.Debug|Any CPU.ActiveCfg = Debug|Any CPU
		{4F80CC46-A669-4136-8DCF-EAA1A5EE47C1}.Debug|Any CPU.Build.0 = Debug|Any CPU
		{4F80CC46-A669-4136-8DCF-EAA1A5EE47C1}.Release|Any CPU.ActiveCfg = Release|Any CPU
		{4F80CC46-A669-4136-8DCF-EAA1A5EE47C1}.Release|Any CPU.Build.0 = Release|Any CPU
		{F9A5777E-DB42-4253-87C2-ED4939FB1FB8}.Debug|Any CPU.ActiveCfg = Debug|Any CPU
		{F9A5777E-DB42-4253-87C2-ED4939FB1FB8}.Debug|Any CPU.Build.0 = Debug|Any CPU
		{F9A5777E-DB42-4253-87C2-ED4939FB1FB8}.Release|Any CPU.ActiveCfg = Release|Any CPU
		{F9A5777E-DB42-4253-87C2-ED4939FB1FB8}.Release|Any CPU.Build.0 = Release|Any CPU
		{6725A5F6-6B13-47A3-AAFC-C47EAEE8D98E}.Debug|Any CPU.ActiveCfg = Debug|Any CPU
		{6725A5F6-6B13-47A3-AAFC-C47EAEE8D98E}.Debug|Any CPU.Build.0 = Debug|Any CPU
		{6725A5F6-6B13-47A3-AAFC-C47EAEE8D98E}.Release|Any CPU.ActiveCfg = Release|Any CPU
		{6725A5F6-6B13-47A3-AAFC-C47EAEE8D98E}.Release|Any CPU.Build.0 = Release|Any CPU
		{2993A925-713C-44D8-A3AC-7CD851F2A6FD}.Debug|Any CPU.ActiveCfg = Debug|Any CPU
		{2993A925-713C-44D8-A3AC-7CD851F2A6FD}.Debug|Any CPU.Build.0 = Debug|Any CPU
		{2993A925-713C-44D8-A3AC-7CD851F2A6FD}.Release|Any CPU.ActiveCfg = Release|Any CPU
		{2993A925-713C-44D8-A3AC-7CD851F2A6FD}.Release|Any CPU.Build.0 = Release|Any CPU
		{41F36BC3-7F13-4B27-8F44-B21337E61297}.Debug|Any CPU.ActiveCfg = Debug|Any CPU
		{41F36BC3-7F13-4B27-8F44-B21337E61297}.Debug|Any CPU.Build.0 = Debug|Any CPU
		{41F36BC3-7F13-4B27-8F44-B21337E61297}.Release|Any CPU.ActiveCfg = Release|Any CPU
		{41F36BC3-7F13-4B27-8F44-B21337E61297}.Release|Any CPU.Build.0 = Release|Any CPU
		{09D5043A-D139-488F-9443-FE1C542758CD}.Debug|Any CPU.ActiveCfg = Debug|Any CPU
		{09D5043A-D139-488F-9443-FE1C542758CD}.Debug|Any CPU.Build.0 = Debug|Any CPU
		{09D5043A-D139-488F-9443-FE1C542758CD}.Release|Any CPU.ActiveCfg = Release|Any CPU
		{09D5043A-D139-488F-9443-FE1C542758CD}.Release|Any CPU.Build.0 = Release|Any CPU
	EndGlobalSection
	GlobalSection(SolutionProperties) = preSolution
		HideSolutionNode = FALSE
	EndGlobalSection
	GlobalSection(ExtensibilityGlobals) = postSolution
		SolutionGuid = {44FAC915-F5D5-4667-83C5-27B7EFE24286}
	EndGlobalSection
EndGlobal
